
Microsoft Visual Studio Solution File, Format Version 12.00
# Visual Studio Version 17
VisualStudioVersion = 17.9.34728.123
MinimumVisualStudioVersion = 10.0.40219.1
Project("{FAE04EC0-301F-11D3-BF4B-00C04F79EFBC}") = "Logic", "Logic\Logic.csproj", "{6836837B-3BCD-485B-81C2-8F3D32F3DF7A}"
EndProject
Project("{FAE04EC0-301F-11D3-BF4B-00C04F79EFBC}") = "UI", "UI\UI.csproj", "{273C7B82-A184-4788-B162-6B5DDFA498F8}"
EndProject
Global
	GlobalSection(SolutionConfigurationPlatforms) = preSolution
		Debug|Any CPU = Debug|Any CPU
		Release|Any CPU = Release|Any CPU
	EndGlobalSection
	GlobalSection(ProjectConfigurationPlatforms) = postSolution
		{6836837B-3BCD-485B-81C2-8F3D32F3DF7A}.Debug|Any CPU.ActiveCfg = Debug|Any CPU
		{6836837B-3BCD-485B-81C2-8F3D32F3DF7A}.Debug|Any CPU.Build.0 = Debug|Any CPU
		{6836837B-3BCD-485B-81C2-8F3D32F3DF7A}.Release|Any CPU.ActiveCfg = Release|Any CPU
		{6836837B-3BCD-485B-81C2-8F3D32F3DF7A}.Release|Any CPU.Build.0 = Release|Any CPU
		{273C7B82-A184-4788-B162-6B5DDFA498F8}.Debug|Any CPU.ActiveCfg = Debug|Any CPU
		{273C7B82-A184-4788-B162-6B5DDFA498F8}.Debug|Any CPU.Build.0 = Debug|Any CPU
		{273C7B82-A184-4788-B162-6B5DDFA498F8}.Release|Any CPU.ActiveCfg = Release|Any CPU
		{273C7B82-A184-4788-B162-6B5DDFA498F8}.Release|Any CPU.Build.0 = Release|Any CPU
	EndGlobalSection
	GlobalSection(SolutionProperties) = preSolution
		HideSolutionNode = FALSE
	EndGlobalSection
	GlobalSection(ExtensibilityGlobals) = postSolution
		SolutionGuid = {A3B4AB13-BDCA-4E61-A22B-2004118FCB1F}
	EndGlobalSection
EndGlobal
